
Microsoft Visual Studio Solution File, Format Version 12.00
# Visual Studio Version 17
VisualStudioVersion = 17.8.34525.116
MinimumVisualStudioVersion = 10.0.40219.1
Project("{9A19103F-16F7-4668-BE54-9A1E7A4F7556}") = "EmenuTestApi", "EmenuTestApi\EmenuTestApi.csproj", "{16BAD367-DA6E-427B-A2EC-785B8FD22194}"
EndProject
Project("{9A19103F-16F7-4668-BE54-9A1E7A4F7556}") = "EmenuTestApi.Core", "EmenuTestApi.Core\EmenuTestApi.Core.csproj", "{1D53B77B-60C9-411E-9D6E-8D677EFEA018}"
EndProject
Project("{9A19103F-16F7-4668-BE54-9A1E7A4F7556}") = "EmenuTestApi.DB", "EmenuTestApi.DB\EmenuTestApi.DB.csproj", "{15B33F0A-0187-40E9-BEE4-AA9BBFB24E25}"
EndProject
Project("{9A19103F-16F7-4668-BE54-9A1E7A4F7556}") = "EmenuTestApi.Services", "EmenuTestApi.Services\EmenuTestApi.Services.csproj", "{3EB695BC-F460-47A9-8DFD-F3354531737E}"
EndProject
Project("{FAE04EC0-301F-11D3-BF4B-00C04F79EFBC}") = "EmenuTestApi.Shared", "EmenuTestApi.Shared\EmenuTestApi.Shared.csproj", "{A3F4CD54-1862-4956-8E69-D28473F9EB5F}"
EndProject
Global
	GlobalSection(SolutionConfigurationPlatforms) = preSolution
		Debug|Any CPU = Debug|Any CPU
		Release|Any CPU = Release|Any CPU
	EndGlobalSection
	GlobalSection(ProjectConfigurationPlatforms) = postSolution
		{16BAD367-DA6E-427B-A2EC-785B8FD22194}.Debug|Any CPU.ActiveCfg = Debug|Any CPU
		{16BAD367-DA6E-427B-A2EC-785B8FD22194}.Debug|Any CPU.Build.0 = Debug|Any CPU
		{16BAD367-DA6E-427B-A2EC-785B8FD22194}.Release|Any CPU.ActiveCfg = Release|Any CPU
		{16BAD367-DA6E-427B-A2EC-785B8FD22194}.Release|Any CPU.Build.0 = Release|Any CPU
		{1D53B77B-60C9-411E-9D6E-8D677EFEA018}.Debug|Any CPU.ActiveCfg = Debug|Any CPU
		{1D53B77B-60C9-411E-9D6E-8D677EFEA018}.Debug|Any CPU.Build.0 = Debug|Any CPU
		{1D53B77B-60C9-411E-9D6E-8D677EFEA018}.Release|Any CPU.ActiveCfg = Release|Any CPU
		{1D53B77B-60C9-411E-9D6E-8D677EFEA018}.Release|Any CPU.Build.0 = Release|Any CPU
		{15B33F0A-0187-40E9-BEE4-AA9BBFB24E25}.Debug|Any CPU.ActiveCfg = Debug|Any CPU
		{15B33F0A-0187-40E9-BEE4-AA9BBFB24E25}.Debug|Any CPU.Build.0 = Debug|Any CPU
		{15B33F0A-0187-40E9-BEE4-AA9BBFB24E25}.Release|Any CPU.ActiveCfg = Release|Any CPU
		{15B33F0A-0187-40E9-BEE4-AA9BBFB24E25}.Release|Any CPU.Build.0 = Release|Any CPU
		{3EB695BC-F460-47A9-8DFD-F3354531737E}.Debug|Any CPU.ActiveCfg = Debug|Any CPU
		{3EB695BC-F460-47A9-8DFD-F3354531737E}.Debug|Any CPU.Build.0 = Debug|Any CPU
		{3EB695BC-F460-47A9-8DFD-F3354531737E}.Release|Any CPU.ActiveCfg = Release|Any CPU
		{3EB695BC-F460-47A9-8DFD-F3354531737E}.Release|Any CPU.Build.0 = Release|Any CPU
		{A3F4CD54-1862-4956-8E69-D28473F9EB5F}.Debug|Any CPU.ActiveCfg = Debug|Any CPU
		{A3F4CD54-1862-4956-8E69-D28473F9EB5F}.Debug|Any CPU.Build.0 = Debug|Any CPU
		{A3F4CD54-1862-4956-8E69-D28473F9EB5F}.Release|Any CPU.ActiveCfg = Release|Any CPU
		{A3F4CD54-1862-4956-8E69-D28473F9EB5F}.Release|Any CPU.Build.0 = Release|Any CPU
	EndGlobalSection
	GlobalSection(SolutionProperties) = preSolution
		HideSolutionNode = FALSE
	EndGlobalSection
	GlobalSection(ExtensibilityGlobals) = postSolution
		SolutionGuid = {C7976C22-E4DE-4FFD-90B9-DBA6FBE2D9BB}
	EndGlobalSection
EndGlobal
